// !$*UTF8*$!
{
	archiveVersion = 1;
	classes = {
	};
	objectVersion = 46;
	objects = {

/* Begin PBXBuildFile section */
		B4EAA4461A0E85D900A2BB0B /* main.m in Sources */ = {isa = PBXBuildFile; fileRef = B4EAA4451A0E85D900A2BB0B /* main.m */; };
		B4EAA4491A0E85D900A2BB0B /* AppDelegate.m in Sources */ = {isa = PBXBuildFile; fileRef = B4EAA4481A0E85D900A2BB0B /* AppDelegate.m */; };
		B4EAA44C1A0E85D900A2BB0B /* ViewController.m in Sources */ = {isa = PBXBuildFile; fileRef = B4EAA44B1A0E85D900A2BB0B /* ViewController.m */; };
		B4EAA44F1A0E85D900A2BB0B /* Main.storyboard in Resources */ = {isa = PBXBuildFile; fileRef = B4EAA44D1A0E85D900A2BB0B /* Main.storyboard */; };
		B4EAA4511A0E85D900A2BB0B /* Images.xcassets in Resources */ = {isa = PBXBuildFile; fileRef = B4EAA4501A0E85D900A2BB0B /* Images.xcassets */; };
		B4EAA4541A0E85D900A2BB0B /* LaunchScreen.xib in Resources */ = {isa = PBXBuildFile; fileRef = B4EAA4521A0E85D900A2BB0B /* LaunchScreen.xib */; };
		B4EAA4601A0E85D900A2BB0B /* RobotsTests.m in Sources */ = {isa = PBXBuildFile; fileRef = B4EAA45F1A0E85D900A2BB0B /* RobotsTests.m */; };
		B4EAA46C1A0E89FC00A2BB0B /* RBItem.m in Sources */ = {isa = PBXBuildFile; fileRef = B4EAA46B1A0E89FC00A2BB0B /* RBItem.m */; };
/* End PBXBuildFile section */

/* Begin PBXContainerItemProxy section */
		B4EAA45A1A0E85D900A2BB0B /* PBXContainerItemProxy */ = {
			isa = PBXContainerItemProxy;
			containerPortal = B4EAA4381A0E85D900A2BB0B /* Project object */;
			proxyType = 1;
			remoteGlobalIDString = B4EAA43F1A0E85D900A2BB0B;
			remoteInfo = Robots;
		};
/* End PBXContainerItemProxy section */

/* Begin PBXFileReference section */
		B4EAA4401A0E85D900A2BB0B /* Robots.app */ = {isa = PBXFileReference; explicitFileType = wrapper.application; includeInIndex = 0; path = Robots.app; sourceTree = BUILT_PRODUCTS_DIR; };
		B4EAA4441A0E85D900A2BB0B /* Info.plist */ = {isa = PBXFileReference; lastKnownFileType = text.plist.xml; path = Info.plist; sourceTree = "<group>"; };
		B4EAA4451A0E85D900A2BB0B /* main.m */ = {isa = PBXFileReference; lastKnownFileType = sourcecode.c.objc; path = main.m; sourceTree = "<group>"; };
		B4EAA4471A0E85D900A2BB0B /* AppDelegate.h */ = {isa = PBXFileReference; lastKnownFileType = sourcecode.c.h; path = AppDelegate.h; sourceTree = "<group>"; };
		B4EAA4481A0E85D900A2BB0B /* AppDelegate.m */ = {isa = PBXFileReference; lastKnownFileType = sourcecode.c.objc; path = AppDelegate.m; sourceTree = "<group>"; };
		B4EAA44A1A0E85D900A2BB0B /* ViewController.h */ = {isa = PBXFileReference; lastKnownFileType = sourcecode.c.h; path = ViewController.h; sourceTree = "<group>"; };
		B4EAA44B1A0E85D900A2BB0B /* ViewController.m */ = {isa = PBXFileReference; lastKnownFileType = sourcecode.c.objc; path = ViewController.m; sourceTree = "<group>"; };
		B4EAA44E1A0E85D900A2BB0B /* Base */ = {isa = PBXFileReference; lastKnownFileType = file.storyboard; name = Base; path = Base.lproj/Main.storyboard; sourceTree = "<group>"; };
		B4EAA4501A0E85D900A2BB0B /* Images.xcassets */ = {isa = PBXFileReference; lastKnownFileType = folder.assetcatalog; path = Images.xcassets; sourceTree = "<group>"; };
		B4EAA4531A0E85D900A2BB0B /* Base */ = {isa = PBXFileReference; lastKnownFileType = file.xib; name = Base; path = Base.lproj/LaunchScreen.xib; sourceTree = "<group>"; };
		B4EAA4591A0E85D900A2BB0B /* RobotsTests.xctest */ = {isa = PBXFileReference; explicitFileType = wrapper.cfbundle; includeInIndex = 0; path = RobotsTests.xctest; sourceTree = BUILT_PRODUCTS_DIR; };
		B4EAA45E1A0E85D900A2BB0B /* Info.plist */ = {isa = PBXFileReference; lastKnownFileType = text.plist.xml; path = Info.plist; sourceTree = "<group>"; };
		B4EAA45F1A0E85D900A2BB0B /* RobotsTests.m */ = {isa = PBXFileReference; lastKnownFileType = sourcecode.c.objc; path = RobotsTests.m; sourceTree = "<group>"; };
		B4EAA46A1A0E89FC00A2BB0B /* RBItem.h */ = {isa = PBXFileReference; fileEncoding = 4; lastKnownFileType = sourcecode.c.h; path = RBItem.h; sourceTree = "<group>"; };
		B4EAA46B1A0E89FC00A2BB0B /* RBItem.m */ = {isa = PBXFileReference; fileEncoding = 4; lastKnownFileType = sourcecode.c.objc; path = RBItem.m; sourceTree = "<group>"; };
/* End PBXFileReference section */

/* Begin PBXFrameworksBuildPhase section */
		B4EAA43D1A0E85D900A2BB0B /* Frameworks */ = {
			isa = PBXFrameworksBuildPhase;
			buildActionMask = 2147483647;
			files = (
			);
			runOnlyForDeploymentPostprocessing = 0;
		};
		B4EAA4561A0E85D900A2BB0B /* Frameworks */ = {
			isa = PBXFrameworksBuildPhase;
			buildActionMask = 2147483647;
			files = (
			);
			runOnlyForDeploymentPostprocessing = 0;
		};
/* End PBXFrameworksBuildPhase section */

/* Begin PBXGroup section */
		B4EAA4371A0E85D900A2BB0B = {
			isa = PBXGroup;
			children = (
				B4EAA4691A0E884D00A2BB0B /* Model */,
				B4EAA4421A0E85D900A2BB0B /* Robots */,
				B4EAA45C1A0E85D900A2BB0B /* RobotsTests */,
				B4EAA4411A0E85D900A2BB0B /* Products */,
			);
			sourceTree = "<group>";
		};
		B4EAA4411A0E85D900A2BB0B /* Products */ = {
			isa = PBXGroup;
			children = (
				B4EAA4401A0E85D900A2BB0B /* Robots.app */,
				B4EAA4591A0E85D900A2BB0B /* RobotsTests.xctest */,
			);
			name = Products;
			sourceTree = "<group>";
		};
		B4EAA4421A0E85D900A2BB0B /* Robots */ = {
			isa = PBXGroup;
			children = (
				B4EAA4471A0E85D900A2BB0B /* AppDelegate.h */,
				B4EAA4481A0E85D900A2BB0B /* AppDelegate.m */,
				B4EAA44A1A0E85D900A2BB0B /* ViewController.h */,
				B4EAA44B1A0E85D900A2BB0B /* ViewController.m */,
				B4EAA44D1A0E85D900A2BB0B /* Main.storyboard */,
				B4EAA4501A0E85D900A2BB0B /* Images.xcassets */,
				B4EAA4521A0E85D900A2BB0B /* LaunchScreen.xib */,
				B4EAA4431A0E85D900A2BB0B /* Supporting Files */,
			);
			path = Robots;
			sourceTree = "<group>";
		};
		B4EAA4431A0E85D900A2BB0B /* Supporting Files */ = {
			isa = PBXGroup;
			children = (
				B4EAA4441A0E85D900A2BB0B /* Info.plist */,
				B4EAA4451A0E85D900A2BB0B /* main.m */,
			);
			name = "Supporting Files";
			sourceTree = "<group>";
		};
		B4EAA45C1A0E85D900A2BB0B /* RobotsTests */ = {
			isa = PBXGroup;
			children = (
				B4EAA45F1A0E85D900A2BB0B /* RobotsTests.m */,
				B4EAA45D1A0E85D900A2BB0B /* Supporting Files */,
			);
			path = RobotsTests;
			sourceTree = "<group>";
		};
		B4EAA45D1A0E85D900A2BB0B /* Supporting Files */ = {
			isa = PBXGroup;
			children = (
				B4EAA45E1A0E85D900A2BB0B /* Info.plist */,
			);
			name = "Supporting Files";
			sourceTree = "<group>";
		};
		B4EAA4691A0E884D00A2BB0B /* Model */ = {
			isa = PBXGroup;
			children = (
				B4EAA46A1A0E89FC00A2BB0B /* RBItem.h */,
				B4EAA46B1A0E89FC00A2BB0B /* RBItem.m */,
			);
			path = Model;
			sourceTree = "<group>";
		};
/* End PBXGroup section */

/* Begin PBXNativeTarget section */
		B4EAA43F1A0E85D900A2BB0B /* Robots */ = {
			isa = PBXNativeTarget;
			buildConfigurationList = B4EAA4631A0E85D900A2BB0B /* Build configuration list for PBXNativeTarget "Robots" */;
			buildPhases = (
				B4EAA43C1A0E85D900A2BB0B /* Sources */,
				B4EAA43D1A0E85D900A2BB0B /* Frameworks */,
				B4EAA43E1A0E85D900A2BB0B /* Resources */,
			);
			buildRules = (
			);
			dependencies = (
			);
			name = Robots;
			productName = Robots;
			productReference = B4EAA4401A0E85D900A2BB0B /* Robots.app */;
			productType = "com.apple.product-type.application";
		};
		B4EAA4581A0E85D900A2BB0B /* RobotsTests */ = {
			isa = PBXNativeTarget;
			buildConfigurationList = B4EAA4661A0E85D900A2BB0B /* Build configuration list for PBXNativeTarget "RobotsTests" */;
			buildPhases = (
				B4EAA4551A0E85D900A2BB0B /* Sources */,
				B4EAA4561A0E85D900A2BB0B /* Frameworks */,
				B4EAA4571A0E85D900A2BB0B /* Resources */,
			);
			buildRules = (
			);
			dependencies = (
				B4EAA45B1A0E85D900A2BB0B /* PBXTargetDependency */,
			);
			name = RobotsTests;
			productName = RobotsTests;
			productReference = B4EAA4591A0E85D900A2BB0B /* RobotsTests.xctest */;
			productType = "com.apple.product-type.bundle.unit-test";
		};
/* End PBXNativeTarget section */

/* Begin PBXProject section */
		B4EAA4381A0E85D900A2BB0B /* Project object */ = {
			isa = PBXProject;
			attributes = {
				CLASSPREFIX = RB;
				LastUpgradeCheck = 0610;
				ORGANIZATIONNAME = "Euclid Software, LLC";
				TargetAttributes = {
					B4EAA43F1A0E85D900A2BB0B = {
						CreatedOnToolsVersion = 6.1;
					};
					B4EAA4581A0E85D900A2BB0B = {
						CreatedOnToolsVersion = 6.1;
						TestTargetID = B4EAA43F1A0E85D900A2BB0B;
					};
				};
			};
			buildConfigurationList = B4EAA43B1A0E85D900A2BB0B /* Build configuration list for PBXProject "Robots" */;
			compatibilityVersion = "Xcode 3.2";
			developmentRegion = English;
			hasScannedForEncodings = 0;
			knownRegions = (
				en,
				Base,
			);
			mainGroup = B4EAA4371A0E85D900A2BB0B;
			productRefGroup = B4EAA4411A0E85D900A2BB0B /* Products */;
			projectDirPath = "";
			projectRoot = "";
			targets = (
				B4EAA43F1A0E85D900A2BB0B /* Robots */,
				B4EAA4581A0E85D900A2BB0B /* RobotsTests */,
			);
		};
/* End PBXProject section */

/* Begin PBXResourcesBuildPhase section */
		B4EAA43E1A0E85D900A2BB0B /* Resources */ = {
			isa = PBXResourcesBuildPhase;
			buildActionMask = 2147483647;
			files = (
				B4EAA44F1A0E85D900A2BB0B /* Main.storyboard in Resources */,
				B4EAA4541A0E85D900A2BB0B /* LaunchScreen.xib in Resources */,
				B4EAA4511A0E85D900A2BB0B /* Images.xcassets in Resources */,
			);
			runOnlyForDeploymentPostprocessing = 0;
		};
		B4EAA4571A0E85D900A2BB0B /* Resources */ = {
			isa = PBXResourcesBuildPhase;
			buildActionMask = 2147483647;
			files = (
			);
			runOnlyForDeploymentPostprocessing = 0;
		};
/* End PBXResourcesBuildPhase section */

/* Begin PBXSourcesBuildPhase section */
		B4EAA43C1A0E85D900A2BB0B /* Sources */ = {
			isa = PBXSourcesBuildPhase;
			buildActionMask = 2147483647;
			files = (
				B4EAA44C1A0E85D900A2BB0B /* ViewController.m in Sources */,
				B4EAA4491A0E85D900A2BB0B /* AppDelegate.m in Sources */,
				B4EAA46C1A0E89FC00A2BB0B /* RBItem.m in Sources */,
				B4EAA4461A0E85D900A2BB0B /* main.m in Sources */,
			);
			runOnlyForDeploymentPostprocessing = 0;
		};
		B4EAA4551A0E85D900A2BB0B /* Sources */ = {
			isa = PBXSourcesBuildPhase;
			buildActionMask = 2147483647;
			files = (
				B4EAA4601A0E85D900A2BB0B /* RobotsTests.m in Sources */,
			);
			runOnlyForDeploymentPostprocessing = 0;
		};
/* End PBXSourcesBuildPhase section */

/* Begin PBXTargetDependency section */
		B4EAA45B1A0E85D900A2BB0B /* PBXTargetDependency */ = {
			isa = PBXTargetDependency;
			target = B4EAA43F1A0E85D900A2BB0B /* Robots */;
			targetProxy = B4EAA45A1A0E85D900A2BB0B /* PBXContainerItemProxy */;
		};
/* End PBXTargetDependency section */

/* Begin PBXVariantGroup section */
		B4EAA44D1A0E85D900A2BB0B /* Main.storyboard */ = {
			isa = PBXVariantGroup;
			children = (
				B4EAA44E1A0E85D900A2BB0B /* Base */,
			);
			name = Main.storyboard;
			sourceTree = "<group>";
		};
		B4EAA4521A0E85D900A2BB0B /* LaunchScreen.xib */ = {
			isa = PBXVariantGroup;
			children = (
				B4EAA4531A0E85D900A2BB0B /* Base */,
			);
			name = LaunchScreen.xib;
			sourceTree = "<group>";
		};
/* End PBXVariantGroup section */

/* Begin XCBuildConfiguration section */
		B4EAA4611A0E85D900A2BB0B /* Debug */ = {
			isa = XCBuildConfiguration;
			buildSettings = {
				ALWAYS_SEARCH_USER_PATHS = NO;
				CLANG_CXX_LANGUAGE_STANDARD = "gnu++0x";
				CLANG_CXX_LIBRARY = "libc++";
				CLANG_ENABLE_MODULES = YES;
				CLANG_ENABLE_OBJC_ARC = YES;
				CLANG_WARN_BOOL_CONVERSION = YES;
				CLANG_WARN_CONSTANT_CONVERSION = YES;
				CLANG_WARN_DIRECT_OBJC_ISA_USAGE = YES_ERROR;
				CLANG_WARN_EMPTY_BODY = YES;
				CLANG_WARN_ENUM_CONVERSION = YES;
				CLANG_WARN_INT_CONVERSION = YES;
				CLANG_WARN_OBJC_ROOT_CLASS = YES_ERROR;
				CLANG_WARN_UNREACHABLE_CODE = YES;
				CLANG_WARN__DUPLICATE_METHOD_MATCH = YES;
				"CODE_SIGN_IDENTITY[sdk=iphoneos*]" = "iPhone Developer";
				COPY_PHASE_STRIP = NO;
				ENABLE_STRICT_OBJC_MSGSEND = YES;
				GCC_C_LANGUAGE_STANDARD = gnu99;
				GCC_DYNAMIC_NO_PIC = NO;
				GCC_OPTIMIZATION_LEVEL = 0;
				GCC_PREPROCESSOR_DEFINITIONS = (
					"DEBUG=1",
					"$(inherited)",
				);
				GCC_SYMBOLS_PRIVATE_EXTERN = NO;
				GCC_WARN_64_TO_32_BIT_CONVERSION = YES;
				GCC_WARN_ABOUT_RETURN_TYPE = YES_ERROR;
				GCC_WARN_UNDECLARED_SELECTOR = YES;
				GCC_WARN_UNINITIALIZED_AUTOS = YES_AGGRESSIVE;
				GCC_WARN_UNUSED_FUNCTION = YES;
				GCC_WARN_UNUSED_VARIABLE = YES;
				IPHONEOS_DEPLOYMENT_TARGET = 8.1;
				MTL_ENABLE_DEBUG_INFO = YES;
				ONLY_ACTIVE_ARCH = YES;
				SDKROOT = iphoneos;
				TARGETED_DEVICE_FAMILY = "1,2";
			};
			name = Debug;
		};
		B4EAA4621A0E85D900A2BB0B /* Release */ = {
			isa = XCBuildConfiguration;
			buildSettings = {
				ALWAYS_SEARCH_USER_PATHS = NO;
				CLANG_CXX_LANGUAGE_STANDARD = "gnu++0x";
				CLANG_CXX_LIBRARY = "libc++";
				CLANG_ENABLE_MODULES = YES;
				CLANG_ENABLE_OBJC_ARC = YES;
				CLANG_WARN_BOOL_CONVERSION = YES;
				CLANG_WARN_CONSTANT_CONVERSION = YES;
				CLANG_WARN_DIRECT_OBJC_ISA_USAGE = YES_ERROR;
				CLANG_WARN_EMPTY_BODY = YES;
				CLANG_WARN_ENUM_CONVERSION = YES;
				CLANG_WARN_INT_CONVERSION = YES;
				CLANG_WARN_OBJC_ROOT_CLASS = YES_ERROR;
				CLANG_WARN_UNREACHABLE_CODE = YES;
				CLANG_WARN__DUPLICATE_METHOD_MATCH = YES;
				"CODE_SIGN_IDENTITY[sdk=iphoneos*]" = "iPhone Developer";
				COPY_PHASE_STRIP = YES;
				ENABLE_NS_ASSERTIONS = NO;
				ENABLE_STRICT_OBJC_MSGSEND = YES;
				GCC_C_LANGUAGE_STANDARD = gnu99;
				GCC_WARN_64_TO_32_BIT_CONVERSION = YES;
				GCC_WARN_ABOUT_RETURN_TYPE = YES_ERROR;
				GCC_WARN_UNDECLARED_SELECTOR = YES;
				GCC_WARN_UNINITIALIZED_AUTOS = YES_AGGRESSIVE;
				GCC_WARN_UNUSED_FUNCTION = YES;
				GCC_WARN_UNUSED_VARIABLE = YES;
				IPHONEOS_DEPLOYMENT_TARGET = 8.1;
				MTL_ENABLE_DEBUG_INFO = NO;
				SDKROOT = iphoneos;
				TARGETED_DEVICE_FAMILY = "1,2";
				VALIDATE_PRODUCT = YES;
			};
			name = Release;
		};
		B4EAA4641A0E85D900A2BB0B /* Debug */ = {
			isa = XCBuildConfiguration;
			buildSettings = {
				ASSETCATALOG_COMPILER_APPICON_NAME = AppIcon;
				INFOPLIST_FILE = Robots/Info.plist;
				LD_RUNPATH_SEARCH_PATHS = "$(inherited) @executable_path/Frameworks";
				PRODUCT_NAME = "$(TARGET_NAME)";
			};
			name = Debug;
		};
		B4EAA4651A0E85D900A2BB0B /* Release */ = {
			isa = XCBuildConfiguration;
			buildSettings = {
				ASSETCATALOG_COMPILER_APPICON_NAME = AppIcon;
				INFOPLIST_FILE = Robots/Info.plist;
				LD_RUNPATH_SEARCH_PATHS = "$(inherited) @executable_path/Frameworks";
				PRODUCT_NAME = "$(TARGET_NAME)";
			};
			name = Release;
		};
		B4EAA4671A0E85D900A2BB0B /* Debug */ = {
			isa = XCBuildConfiguration;
			buildSettings = {
				BUNDLE_LOADER = "$(TEST_HOST)";
				FRAMEWORK_SEARCH_PATHS = (
					"$(SDKROOT)/Developer/Library/Frameworks",
					"$(inherited)",
				);
				GCC_PREPROCESSOR_DEFINITIONS = (
					"DEBUG=1",
					"$(inherited)",
				);
				INFOPLIST_FILE = RobotsTests/Info.plist;
				LD_RUNPATH_SEARCH_PATHS = "$(inherited) @executable_path/Frameworks @loader_path/Frameworks";
				PRODUCT_NAME = "$(TARGET_NAME)";
				TEST_HOST = "$(BUILT_PRODUCTS_DIR)/Robots.app/Robots";
			};
			name = Debug;
		};
		B4EAA4681A0E85D900A2BB0B /* Release */ = {
			isa = XCBuildConfiguration;
			buildSettings = {
				BUNDLE_LOADER = "$(TEST_HOST)";
				FRAMEWORK_SEARCH_PATHS = (
					"$(SDKROOT)/Developer/Library/Frameworks",
					"$(inherited)",
				);
				INFOPLIST_FILE = RobotsTests/Info.plist;
				LD_RUNPATH_SEARCH_PATHS = "$(inherited) @executable_path/Frameworks @loader_path/Frameworks";
				PRODUCT_NAME = "$(TARGET_NAME)";
				TEST_HOST = "$(BUILT_PRODUCTS_DIR)/Robots.app/Robots";
			};
			name = Release;
		};
/* End XCBuildConfiguration section */

/* Begin XCConfigurationList section */
		B4EAA43B1A0E85D900A2BB0B /* Build configuration list for PBXProject "Robots" */ = {
			isa = XCConfigurationList;
			buildConfigurations = (
				B4EAA4611A0E85D900A2BB0B /* Debug */,
				B4EAA4621A0E85D900A2BB0B /* Release */,
			);
			defaultConfigurationIsVisible = 0;
			defaultConfigurationName = Release;
		};
		B4EAA4631A0E85D900A2BB0B /* Build configuration list for PBXNativeTarget "Robots" */ = {
			isa = XCConfigurationList;
			buildConfigurations = (
				B4EAA4641A0E85D900A2BB0B /* Debug */,
				B4EAA4651A0E85D900A2BB0B /* Release */,
			);
			defaultConfigurationIsVisible = 0;
		};
		B4EAA4661A0E85D900A2BB0B /* Build configuration list for PBXNativeTarget "RobotsTests" */ = {
			isa = XCConfigurationList;
			buildConfigurations = (
				B4EAA4671A0E85D900A2BB0B /* Debug */,
				B4EAA4681A0E85D900A2BB0B /* Release */,
			);
			defaultConfigurationIsVisible = 0;
		};
/* End XCConfigurationList section */
	};
	rootObject = B4EAA4381A0E85D900A2BB0B /* Project object */;
}
